
Microsoft Visual Studio Solution File, Format Version 12.00
# Visual Studio 15
VisualStudioVersion = 15.0.28306.52
MinimumVisualStudioVersion = 10.0.40219.1
Project("{9A19103F-16F7-4668-BE54-9A1E7A4F7556}") = "DutchTreat", "DutchTreat.csproj", "{B40BF546-4449-4A72-9062-64A90566BA0F}"
EndProject
Global
	GlobalSection(SolutionConfigurationPlatforms) = preSolution
		Debug|Any CPU = Debug|Any CPU
		Release|Any CPU = Release|Any CPU
	EndGlobalSection
	GlobalSection(ProjectConfigurationPlatforms) = postSolution
		{B40BF546-4449-4A72-9062-64A90566BA0F}.Debug|Any CPU.ActiveCfg = Debug|Any CPU
		{B40BF546-4449-4A72-9062-64A90566BA0F}.Debug|Any CPU.Build.0 = Debug|Any CPU
		{B40BF546-4449-4A72-9062-64A90566BA0F}.Release|Any CPU.ActiveCfg = Release|Any CPU
		{B40BF546-4449-4A72-9062-64A90566BA0F}.Release|Any CPU.Build.0 = Release|Any CPU
	EndGlobalSection
	GlobalSection(SolutionProperties) = preSolution
		HideSolutionNode = FALSE
	EndGlobalSection
	GlobalSection(ExtensibilityGlobals) = postSolution
		SolutionGuid = {174D4E4C-F92E-4BF0-9579-8A1AE80B0A0A}
	EndGlobalSection
EndGlobal
